// !$*UTF8*$!
{
	archiveVersion = 1;
	classes = {
	};
	objectVersion = 50;
	objects = {

/* Begin PBXBuildFile section */
		43BA3C8F41600CBCD42F9DC9 /* libPods-KTNinePatchImageUITests.a in Frameworks */ = {isa = PBXBuildFile; fileRef = 87406884C898641C12E879CC /* libPods-KTNinePatchImageUITests.a */; };
		5502932579B8CAD2648FAE7A /* libPods-KTNinePatchImageTests.a in Frameworks */ = {isa = PBXBuildFile; fileRef = AD0FE7668BDC0A9B7CABE888 /* libPods-KTNinePatchImageTests.a */; };
		9C72BBAE2197EB240076511E /* AppDelegate.m in Sources */ = {isa = PBXBuildFile; fileRef = 9C72BBAD2197EB240076511E /* AppDelegate.m */; };
		9C72BBB12197EB240076511E /* ViewController.m in Sources */ = {isa = PBXBuildFile; fileRef = 9C72BBB02197EB240076511E /* ViewController.m */; };
		9C72BBB42197EB240076511E /* Main.storyboard in Resources */ = {isa = PBXBuildFile; fileRef = 9C72BBB22197EB240076511E /* Main.storyboard */; };
		9C72BBB62197EB250076511E /* Assets.xcassets in Resources */ = {isa = PBXBuildFile; fileRef = 9C72BBB52197EB250076511E /* Assets.xcassets */; };
		9C72BBB92197EB250076511E /* LaunchScreen.storyboard in Resources */ = {isa = PBXBuildFile; fileRef = 9C72BBB72197EB250076511E /* LaunchScreen.storyboard */; };
		9C72BBBC2197EB250076511E /* main.m in Sources */ = {isa = PBXBuildFile; fileRef = 9C72BBBB2197EB250076511E /* main.m */; };
		9C72BBC62197EB260076511E /* KTNinePatchImageTests.m in Sources */ = {isa = PBXBuildFile; fileRef = 9C72BBC52197EB260076511E /* KTNinePatchImageTests.m */; };
		9C72BBD12197EB260076511E /* KTNinePatchImageUITests.m in Sources */ = {isa = PBXBuildFile; fileRef = 9C72BBD02197EB260076511E /* KTNinePatchImageUITests.m */; };
		9C72BBE72197FDAA0076511E /* SNKNinePatchButton.m in Sources */ = {isa = PBXBuildFile; fileRef = 9C72BBE32197FDAA0076511E /* SNKNinePatchButton.m */; };
		9C72BBE82197FDAA0076511E /* SNKNinePatchImage.m in Sources */ = {isa = PBXBuildFile; fileRef = 9C72BBE42197FDAA0076511E /* SNKNinePatchImage.m */; };
		9C72BBE92197FDAA0076511E /* SNKNinePatchImageCache.m in Sources */ = {isa = PBXBuildFile; fileRef = 9C72BBE52197FDAA0076511E /* SNKNinePatchImageCache.m */; };
		9C72BBEA2197FDAA0076511E /* SNKNinePatchImageView.m in Sources */ = {isa = PBXBuildFile; fileRef = 9C72BBE62197FDAA0076511E /* SNKNinePatchImageView.m */; };
		E3C858232198547600C49A4D /* test1.png in Resources */ = {isa = PBXBuildFile; fileRef = E3C858222198547600C49A4D /* test1.png */; };
		EE78DE84488D162FDC37B25A /* libPods-KTNinePatchImage.a in Frameworks */ = {isa = PBXBuildFile; fileRef = 9D601D8B3AC12A2237EB9C93 /* libPods-KTNinePatchImage.a */; };
/* End PBXBuildFile section */

/* Begin PBXContainerItemProxy section */
		9C72BBC22197EB260076511E /* PBXContainerItemProxy */ = {
			isa = PBXContainerItemProxy;
			containerPortal = 9C72BBA12197EB240076511E /* Project object */;
			proxyType = 1;
			remoteGlobalIDString = 9C72BBA82197EB240076511E;
			remoteInfo = KTNinePatchImage;
		};
		9C72BBCD2197EB260076511E /* PBXContainerItemProxy */ = {
			isa = PBXContainerItemProxy;
			containerPortal = 9C72BBA12197EB240076511E /* Project object */;
			proxyType = 1;
			remoteGlobalIDString = 9C72BBA82197EB240076511E;
			remoteInfo = KTNinePatchImage;
		};
/* End PBXContainerItemProxy section */

/* Begin PBXFileReference section */
		1D7331857C3AB521112D0D71 /* Pods-KTNinePatchImageUITests.debug.xcconfig */ = {isa = PBXFileReference; includeInIndex = 1; lastKnownFileType = text.xcconfig; name = "Pods-KTNinePatchImageUITests.debug.xcconfig"; path = "Pods/Target Support Files/Pods-KTNinePatchImageUITests/Pods-KTNinePatchImageUITests.debug.xcconfig"; sourceTree = "<group>"; };
		60256674E3E2E716F5329292 /* Pods-KTNinePatchImageTests.debug.xcconfig */ = {isa = PBXFileReference; includeInIndex = 1; lastKnownFileType = text.xcconfig; name = "Pods-KTNinePatchImageTests.debug.xcconfig"; path = "Pods/Target Support Files/Pods-KTNinePatchImageTests/Pods-KTNinePatchImageTests.debug.xcconfig"; sourceTree = "<group>"; };
		83788A7B6DDEF879BF15B48B /* Pods-KTNinePatchImageTests.release.xcconfig */ = {isa = PBXFileReference; includeInIndex = 1; lastKnownFileType = text.xcconfig; name = "Pods-KTNinePatchImageTests.release.xcconfig"; path = "Pods/Target Support Files/Pods-KTNinePatchImageTests/Pods-KTNinePatchImageTests.release.xcconfig"; sourceTree = "<group>"; };
		87406884C898641C12E879CC /* libPods-KTNinePatchImageUITests.a */ = {isa = PBXFileReference; explicitFileType = archive.ar; includeInIndex = 0; path = "libPods-KTNinePatchImageUITests.a"; sourceTree = BUILT_PRODUCTS_DIR; };
		9C72BBA92197EB240076511E /* KTNinePatchImage.app */ = {isa = PBXFileReference; explicitFileType = wrapper.application; includeInIndex = 0; path = KTNinePatchImage.app; sourceTree = BUILT_PRODUCTS_DIR; };
		9C72BBAC2197EB240076511E /* AppDelegate.h */ = {isa = PBXFileReference; lastKnownFileType = sourcecode.c.h; path = AppDelegate.h; sourceTree = "<group>"; };
		9C72BBAD2197EB240076511E /* AppDelegate.m */ = {isa = PBXFileReference; lastKnownFileType = sourcecode.c.objc; path = AppDelegate.m; sourceTree = "<group>"; };
		9C72BBAF2197EB240076511E /* ViewController.h */ = {isa = PBXFileReference; lastKnownFileType = sourcecode.c.h; path = ViewController.h; sourceTree = "<group>"; };
		9C72BBB02197EB240076511E /* ViewController.m */ = {isa = PBXFileReference; lastKnownFileType = sourcecode.c.objc; path = ViewController.m; sourceTree = "<group>"; };
		9C72BBB32197EB240076511E /* Base */ = {isa = PBXFileReference; lastKnownFileType = file.storyboard; name = Base; path = Base.lproj/Main.storyboard; sourceTree = "<group>"; };
		9C72BBB52197EB250076511E /* Assets.xcassets */ = {isa = PBXFileReference; lastKnownFileType = folder.assetcatalog; path = Assets.xcassets; sourceTree = "<group>"; };
		9C72BBB82197EB250076511E /* Base */ = {isa = PBXFileReference; lastKnownFileType = file.storyboard; name = Base; path = Base.lproj/LaunchScreen.storyboard; sourceTree = "<group>"; };
		9C72BBBA2197EB250076511E /* Info.plist */ = {isa = PBXFileReference; lastKnownFileType = text.plist.xml; path = Info.plist; sourceTree = "<group>"; };
		9C72BBBB2197EB250076511E /* main.m */ = {isa = PBXFileReference; lastKnownFileType = sourcecode.c.objc; path = main.m; sourceTree = "<group>"; };
		9C72BBC12197EB260076511E /* KTNinePatchImageTests.xctest */ = {isa = PBXFileReference; explicitFileType = wrapper.cfbundle; includeInIndex = 0; path = KTNinePatchImageTests.xctest; sourceTree = BUILT_PRODUCTS_DIR; };
		9C72BBC52197EB260076511E /* KTNinePatchImageTests.m */ = {isa = PBXFileReference; lastKnownFileType = sourcecode.c.objc; path = KTNinePatchImageTests.m; sourceTree = "<group>"; };
		9C72BBC72197EB260076511E /* Info.plist */ = {isa = PBXFileReference; lastKnownFileType = text.plist.xml; path = Info.plist; sourceTree = "<group>"; };
		9C72BBCC2197EB260076511E /* KTNinePatchImageUITests.xctest */ = {isa = PBXFileReference; explicitFileType = wrapper.cfbundle; includeInIndex = 0; path = KTNinePatchImageUITests.xctest; sourceTree = BUILT_PRODUCTS_DIR; };
		9C72BBD02197EB260076511E /* KTNinePatchImageUITests.m */ = {isa = PBXFileReference; lastKnownFileType = sourcecode.c.objc; path = KTNinePatchImageUITests.m; sourceTree = "<group>"; };
		9C72BBD22197EB260076511E /* Info.plist */ = {isa = PBXFileReference; lastKnownFileType = text.plist.xml; path = Info.plist; sourceTree = "<group>"; };
		9C72BBDF2197FDAA0076511E /* SNKNinePatchImage.h */ = {isa = PBXFileReference; fileEncoding = 4; lastKnownFileType = sourcecode.c.h; path = SNKNinePatchImage.h; sourceTree = "<group>"; };
		9C72BBE02197FDAA0076511E /* SNKNinePatchButton.h */ = {isa = PBXFileReference; fileEncoding = 4; lastKnownFileType = sourcecode.c.h; path = SNKNinePatchButton.h; sourceTree = "<group>"; };
		9C72BBE12197FDAA0076511E /* SNKNinePatchImageView.h */ = {isa = PBXFileReference; fileEncoding = 4; lastKnownFileType = sourcecode.c.h; path = SNKNinePatchImageView.h; sourceTree = "<group>"; };
		9C72BBE22197FDAA0076511E /* SNKNinePatchImageCache.h */ = {isa = PBXFileReference; fileEncoding = 4; lastKnownFileType = sourcecode.c.h; path = SNKNinePatchImageCache.h; sourceTree = "<group>"; };
		9C72BBE32197FDAA0076511E /* SNKNinePatchButton.m */ = {isa = PBXFileReference; fileEncoding = 4; lastKnownFileType = sourcecode.c.objc; path = SNKNinePatchButton.m; sourceTree = "<group>"; };
		9C72BBE42197FDAA0076511E /* SNKNinePatchImage.m */ = {isa = PBXFileReference; fileEncoding = 4; lastKnownFileType = sourcecode.c.objc; path = SNKNinePatchImage.m; sourceTree = "<group>"; };
		9C72BBE52197FDAA0076511E /* SNKNinePatchImageCache.m */ = {isa = PBXFileReference; fileEncoding = 4; lastKnownFileType = sourcecode.c.objc; path = SNKNinePatchImageCache.m; sourceTree = "<group>"; };
		9C72BBE62197FDAA0076511E /* SNKNinePatchImageView.m */ = {isa = PBXFileReference; fileEncoding = 4; lastKnownFileType = sourcecode.c.objc; path = SNKNinePatchImageView.m; sourceTree = "<group>"; };
		9D601D8B3AC12A2237EB9C93 /* libPods-KTNinePatchImage.a */ = {isa = PBXFileReference; explicitFileType = archive.ar; includeInIndex = 0; path = "libPods-KTNinePatchImage.a"; sourceTree = BUILT_PRODUCTS_DIR; };
		AD0FE7668BDC0A9B7CABE888 /* libPods-KTNinePatchImageTests.a */ = {isa = PBXFileReference; explicitFileType = archive.ar; includeInIndex = 0; path = "libPods-KTNinePatchImageTests.a"; sourceTree = BUILT_PRODUCTS_DIR; };
		E3C858222198547600C49A4D /* test1.png */ = {isa = PBXFileReference; lastKnownFileType = image.png; path = test1.png; sourceTree = "<group>"; };
		E41C32FA39C150EC29660574 /* Pods-KTNinePatchImageUITests.release.xcconfig */ = {isa = PBXFileReference; includeInIndex = 1; lastKnownFileType = text.xcconfig; name = "Pods-KTNinePatchImageUITests.release.xcconfig"; path = "Pods/Target Support Files/Pods-KTNinePatchImageUITests/Pods-KTNinePatchImageUITests.release.xcconfig"; sourceTree = "<group>"; };
		EA0974B25A09DD23D168DCB1 /* Pods-KTNinePatchImage.release.xcconfig */ = {isa = PBXFileReference; includeInIndex = 1; lastKnownFileType = text.xcconfig; name = "Pods-KTNinePatchImage.release.xcconfig"; path = "Pods/Target Support Files/Pods-KTNinePatchImage/Pods-KTNinePatchImage.release.xcconfig"; sourceTree = "<group>"; };
		FB7DFE696272ACD23791F832 /* Pods-KTNinePatchImage.debug.xcconfig */ = {isa = PBXFileReference; includeInIndex = 1; lastKnownFileType = text.xcconfig; name = "Pods-KTNinePatchImage.debug.xcconfig"; path = "Pods/Target Support Files/Pods-KTNinePatchImage/Pods-KTNinePatchImage.debug.xcconfig"; sourceTree = "<group>"; };
/* End PBXFileReference section */

/* Begin PBXFrameworksBuildPhase section */
		9C72BBA62197EB240076511E /* Frameworks */ = {
			isa = PBXFrameworksBuildPhase;
			buildActionMask = 2147483647;
			files = (
				EE78DE84488D162FDC37B25A /* libPods-KTNinePatchImage.a in Frameworks */,
			);
			runOnlyForDeploymentPostprocessing = 0;
		};
		9C72BBBE2197EB260076511E /* Frameworks */ = {
			isa = PBXFrameworksBuildPhase;
			buildActionMask = 2147483647;
			files = (
				5502932579B8CAD2648FAE7A /* libPods-KTNinePatchImageTests.a in Frameworks */,
			);
			runOnlyForDeploymentPostprocessing = 0;
		};
		9C72BBC92197EB260076511E /* Frameworks */ = {
			isa = PBXFrameworksBuildPhase;
			buildActionMask = 2147483647;
			files = (
				43BA3C8F41600CBCD42F9DC9 /* libPods-KTNinePatchImageUITests.a in Frameworks */,
			);
			runOnlyForDeploymentPostprocessing = 0;
		};
/* End PBXFrameworksBuildPhase section */

/* Begin PBXGroup section */
		49777685EAFDFD030F3E111D /* Frameworks */ = {
			isa = PBXGroup;
			children = (
				9D601D8B3AC12A2237EB9C93 /* libPods-KTNinePatchImage.a */,
				AD0FE7668BDC0A9B7CABE888 /* libPods-KTNinePatchImageTests.a */,
				87406884C898641C12E879CC /* libPods-KTNinePatchImageUITests.a */,
			);
			name = Frameworks;
			sourceTree = "<group>";
		};
		783246AABAB5A73E9477AB4A /* Pods */ = {
			isa = PBXGroup;
			children = (
				FB7DFE696272ACD23791F832 /* Pods-KTNinePatchImage.debug.xcconfig */,
				EA0974B25A09DD23D168DCB1 /* Pods-KTNinePatchImage.release.xcconfig */,
				60256674E3E2E716F5329292 /* Pods-KTNinePatchImageTests.debug.xcconfig */,
				83788A7B6DDEF879BF15B48B /* Pods-KTNinePatchImageTests.release.xcconfig */,
				1D7331857C3AB521112D0D71 /* Pods-KTNinePatchImageUITests.debug.xcconfig */,
				E41C32FA39C150EC29660574 /* Pods-KTNinePatchImageUITests.release.xcconfig */,
			);
			name = Pods;
			sourceTree = "<group>";
		};
		9C72BBA02197EB240076511E = {
			isa = PBXGroup;
			children = (
				9C72BBAB2197EB240076511E /* KTNinePatchImage */,
				9C72BBC42197EB260076511E /* KTNinePatchImageTests */,
				9C72BBCF2197EB260076511E /* KTNinePatchImageUITests */,
				9C72BBAA2197EB240076511E /* Products */,
				783246AABAB5A73E9477AB4A /* Pods */,
				49777685EAFDFD030F3E111D /* Frameworks */,
			);
			sourceTree = "<group>";
		};
		9C72BBAA2197EB240076511E /* Products */ = {
			isa = PBXGroup;
			children = (
				9C72BBA92197EB240076511E /* KTNinePatchImage.app */,
				9C72BBC12197EB260076511E /* KTNinePatchImageTests.xctest */,
				9C72BBCC2197EB260076511E /* KTNinePatchImageUITests.xctest */,
			);
			name = Products;
			sourceTree = "<group>";
		};
		9C72BBAB2197EB240076511E /* KTNinePatchImage */ = {
			isa = PBXGroup;
			children = (
				9C72BBDE2197FDAA0076511E /* SNKNinePatchImage */,
				9C72BBAC2197EB240076511E /* AppDelegate.h */,
				9C72BBAD2197EB240076511E /* AppDelegate.m */,
				9C72BBAF2197EB240076511E /* ViewController.h */,
				9C72BBB02197EB240076511E /* ViewController.m */,
				E3C858222198547600C49A4D /* test1.png */,
				9C72BBB22197EB240076511E /* Main.storyboard */,
				9C72BBB52197EB250076511E /* Assets.xcassets */,
				9C72BBB72197EB250076511E /* LaunchScreen.storyboard */,
				9C72BBBA2197EB250076511E /* Info.plist */,
				9C72BBBB2197EB250076511E /* main.m */,
			);
			path = KTNinePatchImage;
			sourceTree = "<group>";
		};
		9C72BBC42197EB260076511E /* KTNinePatchImageTests */ = {
			isa = PBXGroup;
			children = (
				9C72BBC52197EB260076511E /* KTNinePatchImageTests.m */,
				9C72BBC72197EB260076511E /* Info.plist */,
			);
			path = KTNinePatchImageTests;
			sourceTree = "<group>";
		};
		9C72BBCF2197EB260076511E /* KTNinePatchImageUITests */ = {
			isa = PBXGroup;
			children = (
				9C72BBD02197EB260076511E /* KTNinePatchImageUITests.m */,
				9C72BBD22197EB260076511E /* Info.plist */,
			);
			path = KTNinePatchImageUITests;
			sourceTree = "<group>";
		};
		9C72BBDE2197FDAA0076511E /* SNKNinePatchImage */ = {
			isa = PBXGroup;
			children = (
				9C72BBE02197FDAA0076511E /* SNKNinePatchButton.h */,
				9C72BBE32197FDAA0076511E /* SNKNinePatchButton.m */,
				9C72BBDF2197FDAA0076511E /* SNKNinePatchImage.h */,
				9C72BBE42197FDAA0076511E /* SNKNinePatchImage.m */,
				9C72BBE22197FDAA0076511E /* SNKNinePatchImageCache.h */,
				9C72BBE52197FDAA0076511E /* SNKNinePatchImageCache.m */,
				9C72BBE12197FDAA0076511E /* SNKNinePatchImageView.h */,
				9C72BBE62197FDAA0076511E /* SNKNinePatchImageView.m */,
			);
			path = SNKNinePatchImage;
			sourceTree = "<group>";
		};
/* End PBXGroup section */

/* Begin PBXNativeTarget section */
		9C72BBA82197EB240076511E /* KTNinePatchImage */ = {
			isa = PBXNativeTarget;
			buildConfigurationList = 9C72BBD52197EB260076511E /* Build configuration list for PBXNativeTarget "KTNinePatchImage" */;
			buildPhases = (
				AF348F7E9A6B12FEDFBD977F /* [CP] Check Pods Manifest.lock */,
				9C72BBA52197EB240076511E /* Sources */,
				9C72BBA62197EB240076511E /* Frameworks */,
				9C72BBA72197EB240076511E /* Resources */,
			);
			buildRules = (
			);
			dependencies = (
			);
			name = KTNinePatchImage;
			productName = KTNinePatchImage;
			productReference = 9C72BBA92197EB240076511E /* KTNinePatchImage.app */;
			productType = "com.apple.product-type.application";
		};
		9C72BBC02197EB260076511E /* KTNinePatchImageTests */ = {
			isa = PBXNativeTarget;
			buildConfigurationList = 9C72BBD82197EB260076511E /* Build configuration list for PBXNativeTarget "KTNinePatchImageTests" */;
			buildPhases = (
				01FA463D89FB5DBFB9D833EF /* [CP] Check Pods Manifest.lock */,
				9C72BBBD2197EB260076511E /* Sources */,
				9C72BBBE2197EB260076511E /* Frameworks */,
				9C72BBBF2197EB260076511E /* Resources */,
			);
			buildRules = (
			);
			dependencies = (
				9C72BBC32197EB260076511E /* PBXTargetDependency */,
			);
			name = KTNinePatchImageTests;
			productName = KTNinePatchImageTests;
			productReference = 9C72BBC12197EB260076511E /* KTNinePatchImageTests.xctest */;
			productType = "com.apple.product-type.bundle.unit-test";
		};
		9C72BBCB2197EB260076511E /* KTNinePatchImageUITests */ = {
			isa = PBXNativeTarget;
			buildConfigurationList = 9C72BBDB2197EB260076511E /* Build configuration list for PBXNativeTarget "KTNinePatchImageUITests" */;
			buildPhases = (
				E5FBDBEAA77AEFB84E09DE68 /* [CP] Check Pods Manifest.lock */,
				9C72BBC82197EB260076511E /* Sources */,
				9C72BBC92197EB260076511E /* Frameworks */,
				9C72BBCA2197EB260076511E /* Resources */,
			);
			buildRules = (
			);
			dependencies = (
				9C72BBCE2197EB260076511E /* PBXTargetDependency */,
			);
			name = KTNinePatchImageUITests;
			productName = KTNinePatchImageUITests;
			productReference = 9C72BBCC2197EB260076511E /* KTNinePatchImageUITests.xctest */;
			productType = "com.apple.product-type.bundle.ui-testing";
		};
/* End PBXNativeTarget section */

/* Begin PBXProject section */
		9C72BBA12197EB240076511E /* Project object */ = {
			isa = PBXProject;
			attributes = {
				LastUpgradeCheck = 0940;
				ORGANIZATIONNAME = tu;
				TargetAttributes = {
					9C72BBA82197EB240076511E = {
						CreatedOnToolsVersion = 9.4.1;
					};
					9C72BBC02197EB260076511E = {
						CreatedOnToolsVersion = 9.4.1;
						TestTargetID = 9C72BBA82197EB240076511E;
					};
					9C72BBCB2197EB260076511E = {
						CreatedOnToolsVersion = 9.4.1;
						TestTargetID = 9C72BBA82197EB240076511E;
					};
				};
			};
			buildConfigurationList = 9C72BBA42197EB240076511E /* Build configuration list for PBXProject "KTNinePatchImage" */;
			compatibilityVersion = "Xcode 9.3";
			developmentRegion = en;
			hasScannedForEncodings = 0;
			knownRegions = (
				en,
				Base,
			);
			mainGroup = 9C72BBA02197EB240076511E;
			productRefGroup = 9C72BBAA2197EB240076511E /* Products */;
			projectDirPath = "";
			projectRoot = "";
			targets = (
				9C72BBA82197EB240076511E /* KTNinePatchImage */,
				9C72BBC02197EB260076511E /* KTNinePatchImageTests */,
				9C72BBCB2197EB260076511E /* KTNinePatchImageUITests */,
			);
		};
/* End PBXProject section */

/* Begin PBXResourcesBuildPhase section */
		9C72BBA72197EB240076511E /* Resources */ = {
			isa = PBXResourcesBuildPhase;
			buildActionMask = 2147483647;
			files = (
				9C72BBB92197EB250076511E /* LaunchScreen.storyboard in Resources */,
				9C72BBB62197EB250076511E /* Assets.xcassets in Resources */,
				E3C858232198547600C49A4D /* test1.png in Resources */,
				9C72BBB42197EB240076511E /* Main.storyboard in Resources */,
			);
			runOnlyForDeploymentPostprocessing = 0;
		};
		9C72BBBF2197EB260076511E /* Resources */ = {
			isa = PBXResourcesBuildPhase;
			buildActionMask = 2147483647;
			files = (
			);
			runOnlyForDeploymentPostprocessing = 0;
		};
		9C72BBCA2197EB260076511E /* Resources */ = {
			isa = PBXResourcesBuildPhase;
			buildActionMask = 2147483647;
			files = (
			);
			runOnlyForDeploymentPostprocessing = 0;
		};
/* End PBXResourcesBuildPhase section */

/* Begin PBXShellScriptBuildPhase section */
		01FA463D89FB5DBFB9D833EF /* [CP] Check Pods Manifest.lock */ = {
			isa = PBXShellScriptBuildPhase;
			buildActionMask = 2147483647;
			files = (
			);
			inputPaths = (
				"${PODS_PODFILE_DIR_PATH}/Podfile.lock",
				"${PODS_ROOT}/Manifest.lock",
			);
			name = "[CP] Check Pods Manifest.lock";
			outputPaths = (
				"$(DERIVED_FILE_DIR)/Pods-KTNinePatchImageTests-checkManifestLockResult.txt",
			);
			runOnlyForDeploymentPostprocessing = 0;
			shellPath = /bin/sh;
			shellScript = "diff \"${PODS_PODFILE_DIR_PATH}/Podfile.lock\" \"${PODS_ROOT}/Manifest.lock\" > /dev/null\nif [ $? != 0 ] ; then\n    # print error to STDERR\n    echo \"error: The sandbox is not in sync with the Podfile.lock. Run 'pod install' or update your CocoaPods installation.\" >&2\n    exit 1\nfi\n# This output is used by Xcode 'outputs' to avoid re-running this script phase.\necho \"SUCCESS\" > \"${SCRIPT_OUTPUT_FILE_0}\"\n";
			showEnvVarsInLog = 0;
		};
		AF348F7E9A6B12FEDFBD977F /* [CP] Check Pods Manifest.lock */ = {
			isa = PBXShellScriptBuildPhase;
			buildActionMask = 2147483647;
			files = (
			);
			inputPaths = (
				"${PODS_PODFILE_DIR_PATH}/Podfile.lock",
				"${PODS_ROOT}/Manifest.lock",
			);
			name = "[CP] Check Pods Manifest.lock";
			outputPaths = (
				"$(DERIVED_FILE_DIR)/Pods-KTNinePatchImage-checkManifestLockResult.txt",
			);
			runOnlyForDeploymentPostprocessing = 0;
			shellPath = /bin/sh;
			shellScript = "diff \"${PODS_PODFILE_DIR_PATH}/Podfile.lock\" \"${PODS_ROOT}/Manifest.lock\" > /dev/null\nif [ $? != 0 ] ; then\n    # print error to STDERR\n    echo \"error: The sandbox is not in sync with the Podfile.lock. Run 'pod install' or update your CocoaPods installation.\" >&2\n    exit 1\nfi\n# This output is used by Xcode 'outputs' to avoid re-running this script phase.\necho \"SUCCESS\" > \"${SCRIPT_OUTPUT_FILE_0}\"\n";
			showEnvVarsInLog = 0;
		};
		E5FBDBEAA77AEFB84E09DE68 /* [CP] Check Pods Manifest.lock */ = {
			isa = PBXShellScriptBuildPhase;
			buildActionMask = 2147483647;
			files = (
			);
			inputPaths = (
				"${PODS_PODFILE_DIR_PATH}/Podfile.lock",
				"${PODS_ROOT}/Manifest.lock",
			);
			name = "[CP] Check Pods Manifest.lock";
			outputPaths = (
				"$(DERIVED_FILE_DIR)/Pods-KTNinePatchImageUITests-checkManifestLockResult.txt",
			);
			runOnlyForDeploymentPostprocessing = 0;
			shellPath = /bin/sh;
			shellScript = "diff \"${PODS_PODFILE_DIR_PATH}/Podfile.lock\" \"${PODS_ROOT}/Manifest.lock\" > /dev/null\nif [ $? != 0 ] ; then\n    # print error to STDERR\n    echo \"error: The sandbox is not in sync with the Podfile.lock. Run 'pod install' or update your CocoaPods installation.\" >&2\n    exit 1\nfi\n# This output is used by Xcode 'outputs' to avoid re-running this script phase.\necho \"SUCCESS\" > \"${SCRIPT_OUTPUT_FILE_0}\"\n";
			showEnvVarsInLog = 0;
		};
/* End PBXShellScriptBuildPhase section */

/* Begin PBXSourcesBuildPhase section */
		9C72BBA52197EB240076511E /* Sources */ = {
			isa = PBXSourcesBuildPhase;
			buildActionMask = 2147483647;
			files = (
				9C72BBB12197EB240076511E /* ViewController.m in Sources */,
				9C72BBE82197FDAA0076511E /* SNKNinePatchImage.m in Sources */,
				9C72BBE92197FDAA0076511E /* SNKNinePatchImageCache.m in Sources */,
				9C72BBEA2197FDAA0076511E /* SNKNinePatchImageView.m in Sources */,
				9C72BBE72197FDAA0076511E /* SNKNinePatchButton.m in Sources */,
				9C72BBBC2197EB250076511E /* main.m in Sources */,
				9C72BBAE2197EB240076511E /* AppDelegate.m in Sources */,
			);
			runOnlyForDeploymentPostprocessing = 0;
		};
		9C72BBBD2197EB260076511E /* Sources */ = {
			isa = PBXSourcesBuildPhase;
			buildActionMask = 2147483647;
			files = (
				9C72BBC62197EB260076511E /* KTNinePatchImageTests.m in Sources */,
			);
			runOnlyForDeploymentPostprocessing = 0;
		};
		9C72BBC82197EB260076511E /* Sources */ = {
			isa = PBXSourcesBuildPhase;
			buildActionMask = 2147483647;
			files = (
				9C72BBD12197EB260076511E /* KTNinePatchImageUITests.m in Sources */,
			);
			runOnlyForDeploymentPostprocessing = 0;
		};
/* End PBXSourcesBuildPhase section */

/* Begin PBXTargetDependency section */
		9C72BBC32197EB260076511E /* PBXTargetDependency */ = {
			isa = PBXTargetDependency;
			target = 9C72BBA82197EB240076511E /* KTNinePatchImage */;
			targetProxy = 9C72BBC22197EB260076511E /* PBXContainerItemProxy */;
		};
		9C72BBCE2197EB260076511E /* PBXTargetDependency */ = {
			isa = PBXTargetDependency;
			target = 9C72BBA82197EB240076511E /* KTNinePatchImage */;
			targetProxy = 9C72BBCD2197EB260076511E /* PBXContainerItemProxy */;
		};
/* End PBXTargetDependency section */

/* Begin PBXVariantGroup section */
		9C72BBB22197EB240076511E /* Main.storyboard */ = {
			isa = PBXVariantGroup;
			children = (
				9C72BBB32197EB240076511E /* Base */,
			);
			name = Main.storyboard;
			sourceTree = "<group>";
		};
		9C72BBB72197EB250076511E /* LaunchScreen.storyboard */ = {
			isa = PBXVariantGroup;
			children = (
				9C72BBB82197EB250076511E /* Base */,
			);
			name = LaunchScreen.storyboard;
			sourceTree = "<group>";
		};
/* End PBXVariantGroup section */

/* Begin XCBuildConfiguration section */
		9C72BBD32197EB260076511E /* Debug */ = {
			isa = XCBuildConfiguration;
			buildSettings = {
				ALWAYS_SEARCH_USER_PATHS = NO;
				CLANG_ANALYZER_NONNULL = YES;
				CLANG_ANALYZER_NUMBER_OBJECT_CONVERSION = YES_AGGRESSIVE;
				CLANG_CXX_LANGUAGE_STANDARD = "gnu++14";
				CLANG_CXX_LIBRARY = "libc++";
				CLANG_ENABLE_MODULES = YES;
				CLANG_ENABLE_OBJC_ARC = YES;
				CLANG_ENABLE_OBJC_WEAK = YES;
				CLANG_WARN_BLOCK_CAPTURE_AUTORELEASING = YES;
				CLANG_WARN_BOOL_CONVERSION = YES;
				CLANG_WARN_COMMA = YES;
				CLANG_WARN_CONSTANT_CONVERSION = YES;
				CLANG_WARN_DEPRECATED_OBJC_IMPLEMENTATIONS = YES;
				CLANG_WARN_DIRECT_OBJC_ISA_USAGE = YES_ERROR;
				CLANG_WARN_DOCUMENTATION_COMMENTS = YES;
				CLANG_WARN_EMPTY_BODY = YES;
				CLANG_WARN_ENUM_CONVERSION = YES;
				CLANG_WARN_INFINITE_RECURSION = YES;
				CLANG_WARN_INT_CONVERSION = YES;
				CLANG_WARN_NON_LITERAL_NULL_CONVERSION = YES;
				CLANG_WARN_OBJC_IMPLICIT_RETAIN_SELF = YES;
				CLANG_WARN_OBJC_LITERAL_CONVERSION = YES;
				CLANG_WARN_OBJC_ROOT_CLASS = YES_ERROR;
				CLANG_WARN_RANGE_LOOP_ANALYSIS = YES;
				CLANG_WARN_STRICT_PROTOTYPES = YES;
				CLANG_WARN_SUSPICIOUS_MOVE = YES;
				CLANG_WARN_UNGUARDED_AVAILABILITY = YES_AGGRESSIVE;
				CLANG_WARN_UNREACHABLE_CODE = YES;
				CLANG_WARN__DUPLICATE_METHOD_MATCH = YES;
				CODE_SIGN_IDENTITY = "iPhone Developer";
				COPY_PHASE_STRIP = NO;
				DEBUG_INFORMATION_FORMAT = dwarf;
				ENABLE_STRICT_OBJC_MSGSEND = YES;
				ENABLE_TESTABILITY = YES;
				GCC_C_LANGUAGE_STANDARD = gnu11;
				GCC_DYNAMIC_NO_PIC = NO;
				GCC_NO_COMMON_BLOCKS = YES;
				GCC_OPTIMIZATION_LEVEL = 0;
				GCC_PREPROCESSOR_DEFINITIONS = (
					"DEBUG=1",
					"$(inherited)",
				);
				GCC_WARN_64_TO_32_BIT_CONVERSION = YES;
				GCC_WARN_ABOUT_RETURN_TYPE = YES_ERROR;
				GCC_WARN_UNDECLARED_SELECTOR = YES;
				GCC_WARN_UNINITIALIZED_AUTOS = YES_AGGRESSIVE;
				GCC_WARN_UNUSED_FUNCTION = YES;
				GCC_WARN_UNUSED_VARIABLE = YES;
				IPHONEOS_DEPLOYMENT_TARGET = 11.4;
				MTL_ENABLE_DEBUG_INFO = YES;
				ONLY_ACTIVE_ARCH = YES;
				SDKROOT = iphoneos;
			};
			name = Debug;
		};
		9C72BBD42197EB260076511E /* Release */ = {
			isa = XCBuildConfiguration;
			buildSettings = {
				ALWAYS_SEARCH_USER_PATHS = NO;
				CLANG_ANALYZER_NONNULL = YES;
				CLANG_ANALYZER_NUMBER_OBJECT_CONVERSION = YES_AGGRESSIVE;
				CLANG_CXX_LANGUAGE_STANDARD = "gnu++14";
				CLANG_CXX_LIBRARY = "libc++";
				CLANG_ENABLE_MODULES = YES;
				CLANG_ENABLE_OBJC_ARC = YES;
				CLANG_ENABLE_OBJC_WEAK = YES;
				CLANG_WARN_BLOCK_CAPTURE_AUTORELEASING = YES;
				CLANG_WARN_BOOL_CONVERSION = YES;
				CLANG_WARN_COMMA = YES;
				CLANG_WARN_CONSTANT_CONVERSION = YES;
				CLANG_WARN_DEPRECATED_OBJC_IMPLEMENTATIONS = YES;
				CLANG_WARN_DIRECT_OBJC_ISA_USAGE = YES_ERROR;
				CLANG_WARN_DOCUMENTATION_COMMENTS = YES;
				CLANG_WARN_EMPTY_BODY = YES;
				CLANG_WARN_ENUM_CONVERSION = YES;
				CLANG_WARN_INFINITE_RECURSION = YES;
				CLANG_WARN_INT_CONVERSION = YES;
				CLANG_WARN_NON_LITERAL_NULL_CONVERSION = YES;
				CLANG_WARN_OBJC_IMPLICIT_RETAIN_SELF = YES;
				CLANG_WARN_OBJC_LITERAL_CONVERSION = YES;
				CLANG_WARN_OBJC_ROOT_CLASS = YES_ERROR;
				CLANG_WARN_RANGE_LOOP_ANALYSIS = YES;
				CLANG_WARN_STRICT_PROTOTYPES = YES;
				CLANG_WARN_SUSPICIOUS_MOVE = YES;
				CLANG_WARN_UNGUARDED_AVAILABILITY = YES_AGGRESSIVE;
				CLANG_WARN_UNREACHABLE_CODE = YES;
				CLANG_WARN__DUPLICATE_METHOD_MATCH = YES;
				CODE_SIGN_IDENTITY = "iPhone Developer";
				COPY_PHASE_STRIP = NO;
				DEBUG_INFORMATION_FORMAT = "dwarf-with-dsym";
				ENABLE_NS_ASSERTIONS = NO;
				ENABLE_STRICT_OBJC_MSGSEND = YES;
				GCC_C_LANGUAGE_STANDARD = gnu11;
				GCC_NO_COMMON_BLOCKS = YES;
				GCC_WARN_64_TO_32_BIT_CONVERSION = YES;
				GCC_WARN_ABOUT_RETURN_TYPE = YES_ERROR;
				GCC_WARN_UNDECLARED_SELECTOR = YES;
				GCC_WARN_UNINITIALIZED_AUTOS = YES_AGGRESSIVE;
				GCC_WARN_UNUSED_FUNCTION = YES;
				GCC_WARN_UNUSED_VARIABLE = YES;
				IPHONEOS_DEPLOYMENT_TARGET = 11.4;
				MTL_ENABLE_DEBUG_INFO = NO;
				SDKROOT = iphoneos;
				VALIDATE_PRODUCT = YES;
			};
			name = Release;
		};
		9C72BBD62197EB260076511E /* Debug */ = {
			isa = XCBuildConfiguration;
			baseConfigurationReference = FB7DFE696272ACD23791F832 /* Pods-KTNinePatchImage.debug.xcconfig */;
			buildSettings = {
				ASSETCATALOG_COMPILER_APPICON_NAME = AppIcon;
				CODE_SIGN_STYLE = Automatic;
				DEVELOPMENT_TEAM = 2536D3J6MP;
				INFOPLIST_FILE = KTNinePatchImage/Info.plist;
				LD_RUNPATH_SEARCH_PATHS = (
					"$(inherited)",
					"@executable_path/Frameworks",
				);
				PRODUCT_BUNDLE_IDENTIFIER = hust.KTNinePatchImage;
				PRODUCT_NAME = "$(TARGET_NAME)";
				TARGETED_DEVICE_FAMILY = "1,2";
			};
			name = Debug;
		};
		9C72BBD72197EB260076511E /* Release */ = {
			isa = XCBuildConfiguration;
			baseConfigurationReference = EA0974B25A09DD23D168DCB1 /* Pods-KTNinePatchImage.release.xcconfig */;
			buildSettings = {
				ASSETCATALOG_COMPILER_APPICON_NAME = AppIcon;
				CODE_SIGN_STYLE = Automatic;
				DEVELOPMENT_TEAM = 2536D3J6MP;
				INFOPLIST_FILE = KTNinePatchImage/Info.plist;
				LD_RUNPATH_SEARCH_PATHS = (
					"$(inherited)",
					"@executable_path/Frameworks",
				);
				PRODUCT_BUNDLE_IDENTIFIER = hust.KTNinePatchImage;
				PRODUCT_NAME = "$(TARGET_NAME)";
				TARGETED_DEVICE_FAMILY = "1,2";
			};
			name = Release;
		};
		9C72BBD92197EB260076511E /* Debug */ = {
			isa = XCBuildConfiguration;
			baseConfigurationReference = 60256674E3E2E716F5329292 /* Pods-KTNinePatchImageTests.debug.xcconfig */;
			buildSettings = {
				BUNDLE_LOADER = "$(TEST_HOST)";
				CODE_SIGN_STYLE = Automatic;
				DEVELOPMENT_TEAM = 2536D3J6MP;
				INFOPLIST_FILE = KTNinePatchImageTests/Info.plist;
				LD_RUNPATH_SEARCH_PATHS = (
					"$(inherited)",
					"@executable_path/Frameworks",
					"@loader_path/Frameworks",
				);
				PRODUCT_BUNDLE_IDENTIFIER = hust.KTNinePatchImageTests;
				PRODUCT_NAME = "$(TARGET_NAME)";
				TARGETED_DEVICE_FAMILY = "1,2";
				TEST_HOST = "$(BUILT_PRODUCTS_DIR)/KTNinePatchImage.app/KTNinePatchImage";
			};
			name = Debug;
		};
		9C72BBDA2197EB260076511E /* Release */ = {
			isa = XCBuildConfiguration;
			baseConfigurationReference = 83788A7B6DDEF879BF15B48B /* Pods-KTNinePatchImageTests.release.xcconfig */;
			buildSettings = {
				BUNDLE_LOADER = "$(TEST_HOST)";
				CODE_SIGN_STYLE = Automatic;
				DEVELOPMENT_TEAM = 2536D3J6MP;
				INFOPLIST_FILE = KTNinePatchImageTests/Info.plist;
				LD_RUNPATH_SEARCH_PATHS = (
					"$(inherited)",
					"@executable_path/Frameworks",
					"@loader_path/Frameworks",
				);
				PRODUCT_BUNDLE_IDENTIFIER = hust.KTNinePatchImageTests;
				PRODUCT_NAME = "$(TARGET_NAME)";
				TARGETED_DEVICE_FAMILY = "1,2";
				TEST_HOST = "$(BUILT_PRODUCTS_DIR)/KTNinePatchImage.app/KTNinePatchImage";
			};
			name = Release;
		};
		9C72BBDC2197EB260076511E /* Debug */ = {
			isa = XCBuildConfiguration;
			baseConfigurationReference = 1D7331857C3AB521112D0D71 /* Pods-KTNinePatchImageUITests.debug.xcconfig */;
			buildSettings = {
				CODE_SIGN_STYLE = Automatic;
				DEVELOPMENT_TEAM = 2536D3J6MP;
				INFOPLIST_FILE = KTNinePatchImageUITests/Info.plist;
				LD_RUNPATH_SEARCH_PATHS = (
					"$(inherited)",
					"@executable_path/Frameworks",
					"@loader_path/Frameworks",
				);
				PRODUCT_BUNDLE_IDENTIFIER = hust.KTNinePatchImageUITests;
				PRODUCT_NAME = "$(TARGET_NAME)";
				TARGETED_DEVICE_FAMILY = "1,2";
				TEST_TARGET_NAME = KTNinePatchImage;
			};
			name = Debug;
		};
		9C72BBDD2197EB260076511E /* Release */ = {
			isa = XCBuildConfiguration;
			baseConfigurationReference = E41C32FA39C150EC29660574 /* Pods-KTNinePatchImageUITests.release.xcconfig */;
			buildSettings = {
				CODE_SIGN_STYLE = Automatic;
				DEVELOPMENT_TEAM = 2536D3J6MP;
				INFOPLIST_FILE = KTNinePatchImageUITests/Info.plist;
				LD_RUNPATH_SEARCH_PATHS = (
					"$(inherited)",
					"@executable_path/Frameworks",
					"@loader_path/Frameworks",
				);
				PRODUCT_BUNDLE_IDENTIFIER = hust.KTNinePatchImageUITests;
				PRODUCT_NAME = "$(TARGET_NAME)";
				TARGETED_DEVICE_FAMILY = "1,2";
				TEST_TARGET_NAME = KTNinePatchImage;
			};
			name = Release;
		};
/* End XCBuildConfiguration section */

/* Begin XCConfigurationList section */
		9C72BBA42197EB240076511E /* Build configuration list for PBXProject "KTNinePatchImage" */ = {
			isa = XCConfigurationList;
			buildConfigurations = (
				9C72BBD32197EB260076511E /* Debug */,
				9C72BBD42197EB260076511E /* Release */,
			);
			defaultConfigurationIsVisible = 0;
			defaultConfigurationName = Release;
		};
		9C72BBD52197EB260076511E /* Build configuration list for PBXNativeTarget "KTNinePatchImage" */ = {
			isa = XCConfigurationList;
			buildConfigurations = (
				9C72BBD62197EB260076511E /* Debug */,
				9C72BBD72197EB260076511E /* Release */,
			);
			defaultConfigurationIsVisible = 0;
			defaultConfigurationName = Release;
		};
		9C72BBD82197EB260076511E /* Build configuration list for PBXNativeTarget "KTNinePatchImageTests" */ = {
			isa = XCConfigurationList;
			buildConfigurations = (
				9C72BBD92197EB260076511E /* Debug */,
				9C72BBDA2197EB260076511E /* Release */,
			);
			defaultConfigurationIsVisible = 0;
			defaultConfigurationName = Release;
		};
		9C72BBDB2197EB260076511E /* Build configuration list for PBXNativeTarget "KTNinePatchImageUITests" */ = {
			isa = XCConfigurationList;
			buildConfigurations = (
				9C72BBDC2197EB260076511E /* Debug */,
				9C72BBDD2197EB260076511E /* Release */,
			);
			defaultConfigurationIsVisible = 0;
			defaultConfigurationName = Release;
		};
/* End XCConfigurationList section */
	};
	rootObject = 9C72BBA12197EB240076511E /* Project object */;
}
